
Microsoft Visual Studio Solution File, Format Version 12.00
# Visual Studio Version 17
VisualStudioVersion = 17.9.34902.65
MinimumVisualStudioVersion = 10.0.40219.1
Project("{FAE04EC0-301F-11D3-BF4B-00C04F79EFBC}") = "Server", "Server\Server.csproj", "{A12BEC3C-157D-4F44-8384-0FD3C3A657AF}"
EndProject
Project("{FAE04EC0-301F-11D3-BF4B-00C04F79EFBC}") = "Client", "Client\Client.csproj", "{2BDB510B-97C2-4D59-A886-4CF74A152759}"
EndProject
Project("{FAE04EC0-301F-11D3-BF4B-00C04F79EFBC}") = "BaseLibrary", "BaseLibrary\BaseLibrary.csproj", "{4F4D95B4-B7AD-4251-8DF6-E0197BFFDD68}"
EndProject
Project("{FAE04EC0-301F-11D3-BF4B-00C04F79EFBC}") = "ClientLibrary", "ClientLibrary\ClientLibrary.csproj", "{2056BF2A-FC7A-4E77-995A-F018D03AB309}"
EndProject
Project("{FAE04EC0-301F-11D3-BF4B-00C04F79EFBC}") = "ServerLibrary", "ServerLibrary\ServerLibrary.csproj", "{B5936B79-B598-4892-A378-171B10BCCAE7}"
EndProject
Global
	GlobalSection(SolutionConfigurationPlatforms) = preSolution
		Debug|Any CPU = Debug|Any CPU
		Release|Any CPU = Release|Any CPU
	EndGlobalSection
	GlobalSection(ProjectConfigurationPlatforms) = postSolution
		{A12BEC3C-157D-4F44-8384-0FD3C3A657AF}.Debug|Any CPU.ActiveCfg = Debug|Any CPU
		{A12BEC3C-157D-4F44-8384-0FD3C3A657AF}.Debug|Any CPU.Build.0 = Debug|Any CPU
		{A12BEC3C-157D-4F44-8384-0FD3C3A657AF}.Release|Any CPU.ActiveCfg = Release|Any CPU
		{A12BEC3C-157D-4F44-8384-0FD3C3A657AF}.Release|Any CPU.Build.0 = Release|Any CPU
		{2BDB510B-97C2-4D59-A886-4CF74A152759}.Debug|Any CPU.ActiveCfg = Debug|Any CPU
		{2BDB510B-97C2-4D59-A886-4CF74A152759}.Debug|Any CPU.Build.0 = Debug|Any CPU
		{2BDB510B-97C2-4D59-A886-4CF74A152759}.Release|Any CPU.ActiveCfg = Release|Any CPU
		{2BDB510B-97C2-4D59-A886-4CF74A152759}.Release|Any CPU.Build.0 = Release|Any CPU
		{4F4D95B4-B7AD-4251-8DF6-E0197BFFDD68}.Debug|Any CPU.ActiveCfg = Debug|Any CPU
		{4F4D95B4-B7AD-4251-8DF6-E0197BFFDD68}.Debug|Any CPU.Build.0 = Debug|Any CPU
		{4F4D95B4-B7AD-4251-8DF6-E0197BFFDD68}.Release|Any CPU.ActiveCfg = Release|Any CPU
		{4F4D95B4-B7AD-4251-8DF6-E0197BFFDD68}.Release|Any CPU.Build.0 = Release|Any CPU
		{2056BF2A-FC7A-4E77-995A-F018D03AB309}.Debug|Any CPU.ActiveCfg = Debug|Any CPU
		{2056BF2A-FC7A-4E77-995A-F018D03AB309}.Debug|Any CPU.Build.0 = Debug|Any CPU
		{2056BF2A-FC7A-4E77-995A-F018D03AB309}.Release|Any CPU.ActiveCfg = Release|Any CPU
		{2056BF2A-FC7A-4E77-995A-F018D03AB309}.Release|Any CPU.Build.0 = Release|Any CPU
		{B5936B79-B598-4892-A378-171B10BCCAE7}.Debug|Any CPU.ActiveCfg = Debug|Any CPU
		{B5936B79-B598-4892-A378-171B10BCCAE7}.Debug|Any CPU.Build.0 = Debug|Any CPU
		{B5936B79-B598-4892-A378-171B10BCCAE7}.Release|Any CPU.ActiveCfg = Release|Any CPU
		{B5936B79-B598-4892-A378-171B10BCCAE7}.Release|Any CPU.Build.0 = Release|Any CPU
	EndGlobalSection
	GlobalSection(SolutionProperties) = preSolution
		HideSolutionNode = FALSE
	EndGlobalSection
	GlobalSection(ExtensibilityGlobals) = postSolution
		SolutionGuid = {23CE569A-D81E-411C-84A8-4B5C9D8E7969}
	EndGlobalSection
EndGlobal
